
Microsoft Visual Studio Solution File, Format Version 12.00
# Visual Studio Version 16
VisualStudioVersion = 16.6.30114.105
MinimumVisualStudioVersion = 10.0.40219.1
Project("{2150E333-8FDC-42A3-9474-1A3956D46DE8}") = "src", "src", "{EBA5ACB9-747E-4169-9106-15D2FC61DBA8}"
EndProject
Project("{FAE04EC0-301F-11D3-BF4B-00C04F79EFBC}") = "Actio.Common", "src\Actio.Common\Actio.Common.csproj", "{E1AD81A2-590F-4D25-9B1E-73E773F99814}"
EndProject
Project("{FAE04EC0-301F-11D3-BF4B-00C04F79EFBC}") = "Actio.Api", "src\Actio.Api\Actio.Api.csproj", "{E300179E-0569-4FFB-B2C5-6844A3FBAF46}"
EndProject
Project("{FAE04EC0-301F-11D3-BF4B-00C04F79EFBC}") = "Actio.Services.Activities", "src\Actio.Services.Activities\Actio.Services.Activities.csproj", "{9498F25E-3D82-4BF1-8C0A-197FB69422D0}"
EndProject
Project("{FAE04EC0-301F-11D3-BF4B-00C04F79EFBC}") = "Actio.Services.Identity", "src\Actio.Services.Identity\Actio.Services.Identity.csproj", "{801E5070-4CDF-4075-8805-4141103B8F4D}"
EndProject
Project("{2150E333-8FDC-42A3-9474-1A3956D46DE8}") = "tests", "tests", "{2D91CD6B-0565-47BC-8354-73287CD81306}"
EndProject
Project("{FAE04EC0-301F-11D3-BF4B-00C04F79EFBC}") = "Actio.Api.Tests", "tests\Actio.Api.Tests\Actio.Api.Tests.csproj", "{1E2E5A94-36EC-4CF1-A2F5-96AFE89EC366}"
EndProject
Project("{FAE04EC0-301F-11D3-BF4B-00C04F79EFBC}") = "Actio.Services.Identity.Tests", "tests\Actio.Services.Identity.Tests\Actio.Services.Identity.Tests.csproj", "{F32DF06C-F3FE-48A6-86D1-C5844701ACAF}"
EndProject
Project("{FAE04EC0-301F-11D3-BF4B-00C04F79EFBC}") = "Actio.Services.Activities.Tests", "tests\Actio.Services.Activities.Tests\Actio.Services.Activities.Tests.csproj", "{0B2AC27D-8464-4B09-B3E6-0562B758B833}"
EndProject
Global
	GlobalSection(SolutionConfigurationPlatforms) = preSolution
		Debug|Any CPU = Debug|Any CPU
		Debug|x64 = Debug|x64
		Debug|x86 = Debug|x86
		Release|Any CPU = Release|Any CPU
		Release|x64 = Release|x64
		Release|x86 = Release|x86
	EndGlobalSection
	GlobalSection(SolutionProperties) = preSolution
		HideSolutionNode = FALSE
	EndGlobalSection
	GlobalSection(ProjectConfigurationPlatforms) = postSolution
		{E1AD81A2-590F-4D25-9B1E-73E773F99814}.Debug|Any CPU.ActiveCfg = Debug|Any CPU
		{E1AD81A2-590F-4D25-9B1E-73E773F99814}.Debug|Any CPU.Build.0 = Debug|Any CPU
		{E1AD81A2-590F-4D25-9B1E-73E773F99814}.Debug|x64.ActiveCfg = Debug|Any CPU
		{E1AD81A2-590F-4D25-9B1E-73E773F99814}.Debug|x64.Build.0 = Debug|Any CPU
		{E1AD81A2-590F-4D25-9B1E-73E773F99814}.Debug|x86.ActiveCfg = Debug|Any CPU
		{E1AD81A2-590F-4D25-9B1E-73E773F99814}.Debug|x86.Build.0 = Debug|Any CPU
		{E1AD81A2-590F-4D25-9B1E-73E773F99814}.Release|Any CPU.ActiveCfg = Release|Any CPU
		{E1AD81A2-590F-4D25-9B1E-73E773F99814}.Release|Any CPU.Build.0 = Release|Any CPU
		{E1AD81A2-590F-4D25-9B1E-73E773F99814}.Release|x64.ActiveCfg = Release|Any CPU
		{E1AD81A2-590F-4D25-9B1E-73E773F99814}.Release|x64.Build.0 = Release|Any CPU
		{E1AD81A2-590F-4D25-9B1E-73E773F99814}.Release|x86.ActiveCfg = Release|Any CPU
		{E1AD81A2-590F-4D25-9B1E-73E773F99814}.Release|x86.Build.0 = Release|Any CPU
		{E300179E-0569-4FFB-B2C5-6844A3FBAF46}.Debug|Any CPU.ActiveCfg = Debug|Any CPU
		{E300179E-0569-4FFB-B2C5-6844A3FBAF46}.Debug|Any CPU.Build.0 = Debug|Any CPU
		{E300179E-0569-4FFB-B2C5-6844A3FBAF46}.Debug|x64.ActiveCfg = Debug|Any CPU
		{E300179E-0569-4FFB-B2C5-6844A3FBAF46}.Debug|x64.Build.0 = Debug|Any CPU
		{E300179E-0569-4FFB-B2C5-6844A3FBAF46}.Debug|x86.ActiveCfg = Debug|Any CPU
		{E300179E-0569-4FFB-B2C5-6844A3FBAF46}.Debug|x86.Build.0 = Debug|Any CPU
		{E300179E-0569-4FFB-B2C5-6844A3FBAF46}.Release|Any CPU.ActiveCfg = Release|Any CPU
		{E300179E-0569-4FFB-B2C5-6844A3FBAF46}.Release|Any CPU.Build.0 = Release|Any CPU
		{E300179E-0569-4FFB-B2C5-6844A3FBAF46}.Release|x64.ActiveCfg = Release|Any CPU
		{E300179E-0569-4FFB-B2C5-6844A3FBAF46}.Release|x64.Build.0 = Release|Any CPU
		{E300179E-0569-4FFB-B2C5-6844A3FBAF46}.Release|x86.ActiveCfg = Release|Any CPU
		{E300179E-0569-4FFB-B2C5-6844A3FBAF46}.Release|x86.Build.0 = Release|Any CPU
		{9498F25E-3D82-4BF1-8C0A-197FB69422D0}.Debug|Any CPU.ActiveCfg = Debug|Any CPU
		{9498F25E-3D82-4BF1-8C0A-197FB69422D0}.Debug|Any CPU.Build.0 = Debug|Any CPU
		{9498F25E-3D82-4BF1-8C0A-197FB69422D0}.Debug|x64.ActiveCfg = Debug|Any CPU
		{9498F25E-3D82-4BF1-8C0A-197FB69422D0}.Debug|x64.Build.0 = Debug|Any CPU
		{9498F25E-3D82-4BF1-8C0A-197FB69422D0}.Debug|x86.ActiveCfg = Debug|Any CPU
		{9498F25E-3D82-4BF1-8C0A-197FB69422D0}.Debug|x86.Build.0 = Debug|Any CPU
		{9498F25E-3D82-4BF1-8C0A-197FB69422D0}.Release|Any CPU.ActiveCfg = Release|Any CPU
		{9498F25E-3D82-4BF1-8C0A-197FB69422D0}.Release|Any CPU.Build.0 = Release|Any CPU
		{9498F25E-3D82-4BF1-8C0A-197FB69422D0}.Release|x64.ActiveCfg = Release|Any CPU
		{9498F25E-3D82-4BF1-8C0A-197FB69422D0}.Release|x64.Build.0 = Release|Any CPU
		{9498F25E-3D82-4BF1-8C0A-197FB69422D0}.Release|x86.ActiveCfg = Release|Any CPU
		{9498F25E-3D82-4BF1-8C0A-197FB69422D0}.Release|x86.Build.0 = Release|Any CPU
		{801E5070-4CDF-4075-8805-4141103B8F4D}.Debug|Any CPU.ActiveCfg = Debug|Any CPU
		{801E5070-4CDF-4075-8805-4141103B8F4D}.Debug|Any CPU.Build.0 = Debug|Any CPU
		{801E5070-4CDF-4075-8805-4141103B8F4D}.Debug|x64.ActiveCfg = Debug|Any CPU
		{801E5070-4CDF-4075-8805-4141103B8F4D}.Debug|x64.Build.0 = Debug|Any CPU
		{801E5070-4CDF-4075-8805-4141103B8F4D}.Debug|x86.ActiveCfg = Debug|Any CPU
		{801E5070-4CDF-4075-8805-4141103B8F4D}.Debug|x86.Build.0 = Debug|Any CPU
		{801E5070-4CDF-4075-8805-4141103B8F4D}.Release|Any CPU.ActiveCfg = Release|Any CPU
		{801E5070-4CDF-4075-8805-4141103B8F4D}.Release|Any CPU.Build.0 = Release|Any CPU
		{801E5070-4CDF-4075-8805-4141103B8F4D}.Release|x64.ActiveCfg = Release|Any CPU
		{801E5070-4CDF-4075-8805-4141103B8F4D}.Release|x64.Build.0 = Release|Any CPU
		{801E5070-4CDF-4075-8805-4141103B8F4D}.Release|x86.ActiveCfg = Release|Any CPU
		{801E5070-4CDF-4075-8805-4141103B8F4D}.Release|x86.Build.0 = Release|Any CPU
		{1E2E5A94-36EC-4CF1-A2F5-96AFE89EC366}.Debug|Any CPU.ActiveCfg = Debug|Any CPU
		{1E2E5A94-36EC-4CF1-A2F5-96AFE89EC366}.Debug|Any CPU.Build.0 = Debug|Any CPU
		{1E2E5A94-36EC-4CF1-A2F5-96AFE89EC366}.Debug|x64.ActiveCfg = Debug|Any CPU
		{1E2E5A94-36EC-4CF1-A2F5-96AFE89EC366}.Debug|x64.Build.0 = Debug|Any CPU
		{1E2E5A94-36EC-4CF1-A2F5-96AFE89EC366}.Debug|x86.ActiveCfg = Debug|Any CPU
		{1E2E5A94-36EC-4CF1-A2F5-96AFE89EC366}.Debug|x86.Build.0 = Debug|Any CPU
		{1E2E5A94-36EC-4CF1-A2F5-96AFE89EC366}.Release|Any CPU.ActiveCfg = Release|Any CPU
		{1E2E5A94-36EC-4CF1-A2F5-96AFE89EC366}.Release|Any CPU.Build.0 = Release|Any CPU
		{1E2E5A94-36EC-4CF1-A2F5-96AFE89EC366}.Release|x64.ActiveCfg = Release|Any CPU
		{1E2E5A94-36EC-4CF1-A2F5-96AFE89EC366}.Release|x64.Build.0 = Release|Any CPU
		{1E2E5A94-36EC-4CF1-A2F5-96AFE89EC366}.Release|x86.ActiveCfg = Release|Any CPU
		{1E2E5A94-36EC-4CF1-A2F5-96AFE89EC366}.Release|x86.Build.0 = Release|Any CPU
		{F32DF06C-F3FE-48A6-86D1-C5844701ACAF}.Debug|Any CPU.ActiveCfg = Debug|Any CPU
		{F32DF06C-F3FE-48A6-86D1-C5844701ACAF}.Debug|Any CPU.Build.0 = Debug|Any CPU
		{F32DF06C-F3FE-48A6-86D1-C5844701ACAF}.Debug|x64.ActiveCfg = Debug|Any CPU
		{F32DF06C-F3FE-48A6-86D1-C5844701ACAF}.Debug|x64.Build.0 = Debug|Any CPU
		{F32DF06C-F3FE-48A6-86D1-C5844701ACAF}.Debug|x86.ActiveCfg = Debug|Any CPU
		{F32DF06C-F3FE-48A6-86D1-C5844701ACAF}.Debug|x86.Build.0 = Debug|Any CPU
		{F32DF06C-F3FE-48A6-86D1-C5844701ACAF}.Release|Any CPU.ActiveCfg = Release|Any CPU
		{F32DF06C-F3FE-48A6-86D1-C5844701ACAF}.Release|Any CPU.Build.0 = Release|Any CPU
		{F32DF06C-F3FE-48A6-86D1-C5844701ACAF}.Release|x64.ActiveCfg = Release|Any CPU
		{F32DF06C-F3FE-48A6-86D1-C5844701ACAF}.Release|x64.Build.0 = Release|Any CPU
		{F32DF06C-F3FE-48A6-86D1-C5844701ACAF}.Release|x86.ActiveCfg = Release|Any CPU
		{F32DF06C-F3FE-48A6-86D1-C5844701ACAF}.Release|x86.Build.0 = Release|Any CPU
		{0B2AC27D-8464-4B09-B3E6-0562B758B833}.Debug|Any CPU.ActiveCfg = Debug|Any CPU
		{0B2AC27D-8464-4B09-B3E6-0562B758B833}.Debug|Any CPU.Build.0 = Debug|Any CPU
		{0B2AC27D-8464-4B09-B3E6-0562B758B833}.Debug|x64.ActiveCfg = Debug|Any CPU
		{0B2AC27D-8464-4B09-B3E6-0562B758B833}.Debug|x64.Build.0 = Debug|Any CPU
		{0B2AC27D-8464-4B09-B3E6-0562B758B833}.Debug|x86.ActiveCfg = Debug|Any CPU
		{0B2AC27D-8464-4B09-B3E6-0562B758B833}.Debug|x86.Build.0 = Debug|Any CPU
		{0B2AC27D-8464-4B09-B3E6-0562B758B833}.Release|Any CPU.ActiveCfg = Release|Any CPU
		{0B2AC27D-8464-4B09-B3E6-0562B758B833}.Release|Any CPU.Build.0 = Release|Any CPU
		{0B2AC27D-8464-4B09-B3E6-0562B758B833}.Release|x64.ActiveCfg = Release|Any CPU
		{0B2AC27D-8464-4B09-B3E6-0562B758B833}.Release|x64.Build.0 = Release|Any CPU
		{0B2AC27D-8464-4B09-B3E6-0562B758B833}.Release|x86.ActiveCfg = Release|Any CPU
		{0B2AC27D-8464-4B09-B3E6-0562B758B833}.Release|x86.Build.0 = Release|Any CPU
	EndGlobalSection
	GlobalSection(NestedProjects) = preSolution
		{E1AD81A2-590F-4D25-9B1E-73E773F99814} = {EBA5ACB9-747E-4169-9106-15D2FC61DBA8}
		{E300179E-0569-4FFB-B2C5-6844A3FBAF46} = {EBA5ACB9-747E-4169-9106-15D2FC61DBA8}
		{9498F25E-3D82-4BF1-8C0A-197FB69422D0} = {EBA5ACB9-747E-4169-9106-15D2FC61DBA8}
		{801E5070-4CDF-4075-8805-4141103B8F4D} = {EBA5ACB9-747E-4169-9106-15D2FC61DBA8}
		{1E2E5A94-36EC-4CF1-A2F5-96AFE89EC366} = {2D91CD6B-0565-47BC-8354-73287CD81306}
		{F32DF06C-F3FE-48A6-86D1-C5844701ACAF} = {2D91CD6B-0565-47BC-8354-73287CD81306}
		{0B2AC27D-8464-4B09-B3E6-0562B758B833} = {2D91CD6B-0565-47BC-8354-73287CD81306}
	EndGlobalSection
EndGlobal
